
Microsoft Visual Studio Solution File, Format Version 12.00
# Visual Studio 15
VisualStudioVersion = 15.0.26403.0
MinimumVisualStudioVersion = 10.0.40219.1
Project("{FAE04EC0-301F-11D3-BF4B-00C04F79EFBC}") = "1. AverageStudentGrades", "1. AverageStudentGrades\1. AverageStudentGrades.csproj", "{9319C891-E00C-411C-B60B-66D4F118CC4B}"
EndProject
Project("{FAE04EC0-301F-11D3-BF4B-00C04F79EFBC}") = "2. CitiesByContinentAndCountry", "2. CitiesByContinentAndCountry\2. CitiesByContinentAndCountry.csproj", "{DF5683D5-6C93-4DDD-A374-C3FB1621AFC4}"
EndProject
Project("{FAE04EC0-301F-11D3-BF4B-00C04F79EFBC}") = "3. RecordUniqueNames", "3. RecordUniqueNames\3. RecordUniqueNames.csproj", "{EE8AF109-0758-4A59-A5B3-48FB4D6F8C2F}"
EndProject
Project("{FAE04EC0-301F-11D3-BF4B-00C04F79EFBC}") = "4. GroupContinentsCountriesAndCities", "4. GroupContinentsCountriesAndCities\4. GroupContinentsCountriesAndCities.csproj", "{B0F57115-6DD5-407A-A5D8-C7099A290C3D}"
EndProject
Global
	GlobalSection(SolutionConfigurationPlatforms) = preSolution
		Debug|Any CPU = Debug|Any CPU
		Release|Any CPU = Release|Any CPU
	EndGlobalSection
	GlobalSection(ProjectConfigurationPlatforms) = postSolution
		{9319C891-E00C-411C-B60B-66D4F118CC4B}.Debug|Any CPU.ActiveCfg = Debug|Any CPU
		{9319C891-E00C-411C-B60B-66D4F118CC4B}.Debug|Any CPU.Build.0 = Debug|Any CPU
		{9319C891-E00C-411C-B60B-66D4F118CC4B}.Release|Any CPU.ActiveCfg = Release|Any CPU
		{9319C891-E00C-411C-B60B-66D4F118CC4B}.Release|Any CPU.Build.0 = Release|Any CPU
		{DF5683D5-6C93-4DDD-A374-C3FB1621AFC4}.Debug|Any CPU.ActiveCfg = Debug|Any CPU
		{DF5683D5-6C93-4DDD-A374-C3FB1621AFC4}.Debug|Any CPU.Build.0 = Debug|Any CPU
		{DF5683D5-6C93-4DDD-A374-C3FB1621AFC4}.Release|Any CPU.ActiveCfg = Release|Any CPU
		{DF5683D5-6C93-4DDD-A374-C3FB1621AFC4}.Release|Any CPU.Build.0 = Release|Any CPU
		{EE8AF109-0758-4A59-A5B3-48FB4D6F8C2F}.Debug|Any CPU.ActiveCfg = Debug|Any CPU
		{EE8AF109-0758-4A59-A5B3-48FB4D6F8C2F}.Debug|Any CPU.Build.0 = Debug|Any CPU
		{EE8AF109-0758-4A59-A5B3-48FB4D6F8C2F}.Release|Any CPU.ActiveCfg = Release|Any CPU
		{EE8AF109-0758-4A59-A5B3-48FB4D6F8C2F}.Release|Any CPU.Build.0 = Release|Any CPU
		{B0F57115-6DD5-407A-A5D8-C7099A290C3D}.Debug|Any CPU.ActiveCfg = Debug|Any CPU
		{B0F57115-6DD5-407A-A5D8-C7099A290C3D}.Debug|Any CPU.Build.0 = Debug|Any CPU
		{B0F57115-6DD5-407A-A5D8-C7099A290C3D}.Release|Any CPU.ActiveCfg = Release|Any CPU
		{B0F57115-6DD5-407A-A5D8-C7099A290C3D}.Release|Any CPU.Build.0 = Release|Any CPU
	EndGlobalSection
	GlobalSection(SolutionProperties) = preSolution
		HideSolutionNode = FALSE
	EndGlobalSection
EndGlobal
